// !$*UTF8*$!
{
	archiveVersion = 1;
	classes = {
	};
	objectVersion = 56;
	objects = {

/* Begin PBXBuildFile section */
		068A8AC92BCAC405008608C3 /* Extensions.swift in Sources */ = {isa = PBXBuildFile; fileRef = 068A8AC82BCAC405008608C3 /* Extensions.swift */; };
		0690CFDB2BD2B9FA00CA9BAE /* GoogleService-Info.plist in Resources */ = {isa = PBXBuildFile; fileRef = 0690CFDA2BD2B9FA00CA9BAE /* GoogleService-Info.plist */; };
		06AC3D062BC96E80000AA265 /* AppDelegate.swift in Sources */ = {isa = PBXBuildFile; fileRef = 06AC3D052BC96E80000AA265 /* AppDelegate.swift */; };
		06AC3D082BC96E80000AA265 /* SceneDelegate.swift in Sources */ = {isa = PBXBuildFile; fileRef = 06AC3D072BC96E80000AA265 /* SceneDelegate.swift */; };
		06AC3D0A2BC96E80000AA265 /* ConversationViewController.swift in Sources */ = {isa = PBXBuildFile; fileRef = 06AC3D092BC96E80000AA265 /* ConversationViewController.swift */; };
		06AC3D0D2BC96E80000AA265 /* Main.storyboard in Resources */ = {isa = PBXBuildFile; fileRef = 06AC3D0B2BC96E80000AA265 /* Main.storyboard */; };
		06AC3D0F2BC96E81000AA265 /* Assets.xcassets in Resources */ = {isa = PBXBuildFile; fileRef = 06AC3D0E2BC96E81000AA265 /* Assets.xcassets */; };
		06AC3D122BC96E81000AA265 /* LaunchScreen.storyboard in Resources */ = {isa = PBXBuildFile; fileRef = 06AC3D102BC96E81000AA265 /* LaunchScreen.storyboard */; };
		06AC3D1D2BC96E82000AA265 /* MessengerTests.swift in Sources */ = {isa = PBXBuildFile; fileRef = 06AC3D1C2BC96E82000AA265 /* MessengerTests.swift */; };
		06AC3D272BC96E82000AA265 /* MessengerUITests.swift in Sources */ = {isa = PBXBuildFile; fileRef = 06AC3D262BC96E82000AA265 /* MessengerUITests.swift */; };
		06AC3D292BC96E82000AA265 /* MessengerUITestsLaunchTests.swift in Sources */ = {isa = PBXBuildFile; fileRef = 06AC3D282BC96E82000AA265 /* MessengerUITestsLaunchTests.swift */; };
		06AC3D412BC978CB000AA265 /* PhotoViewerViewController.swift in Sources */ = {isa = PBXBuildFile; fileRef = 06AC3D402BC978CB000AA265 /* PhotoViewerViewController.swift */; };
		06AC3D432BC97907000AA265 /* RegisterViewController.swift in Sources */ = {isa = PBXBuildFile; fileRef = 06AC3D422BC97907000AA265 /* RegisterViewController.swift */; };
		06AC3D452BC97923000AA265 /* LoginViewController.swift in Sources */ = {isa = PBXBuildFile; fileRef = 06AC3D442BC97923000AA265 /* LoginViewController.swift */; };
		06AC3D472BC97943000AA265 /* VideoPlayerViewController.swift in Sources */ = {isa = PBXBuildFile; fileRef = 06AC3D462BC97943000AA265 /* VideoPlayerViewController.swift */; };
		06AC3D492BC9797A000AA265 /* NewConversationViewController.swift in Sources */ = {isa = PBXBuildFile; fileRef = 06AC3D482BC9797A000AA265 /* NewConversationViewController.swift */; };
		06AC3D4B2BC979A5000AA265 /* ProfileViewController.swift in Sources */ = {isa = PBXBuildFile; fileRef = 06AC3D4A2BC979A5000AA265 /* ProfileViewController.swift */; };
		06B540962BD975E400AF86FB /* DatabaseManager.swift in Sources */ = {isa = PBXBuildFile; fileRef = 06B540952BD975E400AF86FB /* DatabaseManager.swift */; };
		345C221F44435F4ED4E491F7 /* Pods_Messenger_MessengerUITests.framework in Frameworks */ = {isa = PBXBuildFile; fileRef = B90B56990D7E96DB34B47538 /* Pods_Messenger_MessengerUITests.framework */; };
		3A784833801546ECCAB42FFC /* Pods_MessengerTests.framework in Frameworks */ = {isa = PBXBuildFile; fileRef = 0A92A4881B98089FDAC99101 /* Pods_MessengerTests.framework */; };
		9A21CF62ADB7458EBB456A71 /* Pods_Messenger.framework in Frameworks */ = {isa = PBXBuildFile; fileRef = 9E7B4DCCF23678CD4C9B490A /* Pods_Messenger.framework */; };
/* End PBXBuildFile section */

/* Begin PBXContainerItemProxy section */
		06AC3D192BC96E82000AA265 /* PBXContainerItemProxy */ = {
			isa = PBXContainerItemProxy;
			containerPortal = 06AC3CFA2BC96E80000AA265 /* Project object */;
			proxyType = 1;
			remoteGlobalIDString = 06AC3D012BC96E80000AA265;
			remoteInfo = Messenger;
		};
		06AC3D232BC96E82000AA265 /* PBXContainerItemProxy */ = {
			isa = PBXContainerItemProxy;
			containerPortal = 06AC3CFA2BC96E80000AA265 /* Project object */;
			proxyType = 1;
			remoteGlobalIDString = 06AC3D012BC96E80000AA265;
			remoteInfo = Messenger;
		};
/* End PBXContainerItemProxy section */

/* Begin PBXFileReference section */
		068A8AC82BCAC405008608C3 /* Extensions.swift */ = {isa = PBXFileReference; lastKnownFileType = sourcecode.swift; path = Extensions.swift; sourceTree = "<group>"; };
		0690CFDA2BD2B9FA00CA9BAE /* GoogleService-Info.plist */ = {isa = PBXFileReference; fileEncoding = 4; lastKnownFileType = text.plist.xml; path = "GoogleService-Info.plist"; sourceTree = "<group>"; };
		06AC3D022BC96E80000AA265 /* Messenger.app */ = {isa = PBXFileReference; explicitFileType = wrapper.application; includeInIndex = 0; path = Messenger.app; sourceTree = BUILT_PRODUCTS_DIR; };
		06AC3D052BC96E80000AA265 /* AppDelegate.swift */ = {isa = PBXFileReference; lastKnownFileType = sourcecode.swift; path = AppDelegate.swift; sourceTree = "<group>"; };
		06AC3D072BC96E80000AA265 /* SceneDelegate.swift */ = {isa = PBXFileReference; lastKnownFileType = sourcecode.swift; path = SceneDelegate.swift; sourceTree = "<group>"; };
		06AC3D092BC96E80000AA265 /* ConversationViewController.swift */ = {isa = PBXFileReference; lastKnownFileType = sourcecode.swift; path = ConversationViewController.swift; sourceTree = "<group>"; };
		06AC3D0C2BC96E80000AA265 /* Base */ = {isa = PBXFileReference; lastKnownFileType = file.storyboard; name = Base; path = Base.lproj/Main.storyboard; sourceTree = "<group>"; };
		06AC3D0E2BC96E81000AA265 /* Assets.xcassets */ = {isa = PBXFileReference; lastKnownFileType = folder.assetcatalog; path = Assets.xcassets; sourceTree = "<group>"; };
		06AC3D112BC96E81000AA265 /* Base */ = {isa = PBXFileReference; lastKnownFileType = file.storyboard; name = Base; path = Base.lproj/LaunchScreen.storyboard; sourceTree = "<group>"; };
		06AC3D132BC96E81000AA265 /* Info.plist */ = {isa = PBXFileReference; lastKnownFileType = text.plist.xml; path = Info.plist; sourceTree = "<group>"; };
		06AC3D182BC96E82000AA265 /* MessengerTests.xctest */ = {isa = PBXFileReference; explicitFileType = wrapper.cfbundle; includeInIndex = 0; path = MessengerTests.xctest; sourceTree = BUILT_PRODUCTS_DIR; };
		06AC3D1C2BC96E82000AA265 /* MessengerTests.swift */ = {isa = PBXFileReference; lastKnownFileType = sourcecode.swift; path = MessengerTests.swift; sourceTree = "<group>"; };
		06AC3D222BC96E82000AA265 /* MessengerUITests.xctest */ = {isa = PBXFileReference; explicitFileType = wrapper.cfbundle; includeInIndex = 0; path = MessengerUITests.xctest; sourceTree = BUILT_PRODUCTS_DIR; };
		06AC3D262BC96E82000AA265 /* MessengerUITests.swift */ = {isa = PBXFileReference; lastKnownFileType = sourcecode.swift; path = MessengerUITests.swift; sourceTree = "<group>"; };
		06AC3D282BC96E82000AA265 /* MessengerUITestsLaunchTests.swift */ = {isa = PBXFileReference; lastKnownFileType = sourcecode.swift; path = MessengerUITestsLaunchTests.swift; sourceTree = "<group>"; };
		06AC3D402BC978CB000AA265 /* PhotoViewerViewController.swift */ = {isa = PBXFileReference; lastKnownFileType = sourcecode.swift; path = PhotoViewerViewController.swift; sourceTree = "<group>"; };
		06AC3D422BC97907000AA265 /* RegisterViewController.swift */ = {isa = PBXFileReference; lastKnownFileType = sourcecode.swift; path = RegisterViewController.swift; sourceTree = "<group>"; };
		06AC3D442BC97923000AA265 /* LoginViewController.swift */ = {isa = PBXFileReference; lastKnownFileType = sourcecode.swift; path = LoginViewController.swift; sourceTree = "<group>"; };
		06AC3D462BC97943000AA265 /* VideoPlayerViewController.swift */ = {isa = PBXFileReference; lastKnownFileType = sourcecode.swift; path = VideoPlayerViewController.swift; sourceTree = "<group>"; };
		06AC3D482BC9797A000AA265 /* NewConversationViewController.swift */ = {isa = PBXFileReference; lastKnownFileType = sourcecode.swift; path = NewConversationViewController.swift; sourceTree = "<group>"; };
		06AC3D4A2BC979A5000AA265 /* ProfileViewController.swift */ = {isa = PBXFileReference; lastKnownFileType = sourcecode.swift; path = ProfileViewController.swift; sourceTree = "<group>"; };
		06B540952BD975E400AF86FB /* DatabaseManager.swift */ = {isa = PBXFileReference; lastKnownFileType = sourcecode.swift; path = DatabaseManager.swift; sourceTree = "<group>"; };
		07F1B00858757EA517D7B5BB /* Pods-Messenger-MessengerUITests.release.xcconfig */ = {isa = PBXFileReference; includeInIndex = 1; lastKnownFileType = text.xcconfig; name = "Pods-Messenger-MessengerUITests.release.xcconfig"; path = "Target Support Files/Pods-Messenger-MessengerUITests/Pods-Messenger-MessengerUITests.release.xcconfig"; sourceTree = "<group>"; };
		0A92A4881B98089FDAC99101 /* Pods_MessengerTests.framework */ = {isa = PBXFileReference; explicitFileType = wrapper.framework; includeInIndex = 0; path = Pods_MessengerTests.framework; sourceTree = BUILT_PRODUCTS_DIR; };
		13B438C54D2742A23AE16B04 /* Pods-Messenger.debug.xcconfig */ = {isa = PBXFileReference; includeInIndex = 1; lastKnownFileType = text.xcconfig; name = "Pods-Messenger.debug.xcconfig"; path = "Target Support Files/Pods-Messenger/Pods-Messenger.debug.xcconfig"; sourceTree = "<group>"; };
		1F4B312EB0D460262F371815 /* Pods-MessengerTests.release.xcconfig */ = {isa = PBXFileReference; includeInIndex = 1; lastKnownFileType = text.xcconfig; name = "Pods-MessengerTests.release.xcconfig"; path = "Target Support Files/Pods-MessengerTests/Pods-MessengerTests.release.xcconfig"; sourceTree = "<group>"; };
		51463EE8A943F97299AAAAED /* Pods-Messenger.release.xcconfig */ = {isa = PBXFileReference; includeInIndex = 1; lastKnownFileType = text.xcconfig; name = "Pods-Messenger.release.xcconfig"; path = "Target Support Files/Pods-Messenger/Pods-Messenger.release.xcconfig"; sourceTree = "<group>"; };
		9E7B4DCCF23678CD4C9B490A /* Pods_Messenger.framework */ = {isa = PBXFileReference; explicitFileType = wrapper.framework; includeInIndex = 0; path = Pods_Messenger.framework; sourceTree = BUILT_PRODUCTS_DIR; };
		B90B56990D7E96DB34B47538 /* Pods_Messenger_MessengerUITests.framework */ = {isa = PBXFileReference; explicitFileType = wrapper.framework; includeInIndex = 0; path = Pods_Messenger_MessengerUITests.framework; sourceTree = BUILT_PRODUCTS_DIR; };
		C20BAFC1037DC0DF94375BA9 /* Pods-MessengerTests.debug.xcconfig */ = {isa = PBXFileReference; includeInIndex = 1; lastKnownFileType = text.xcconfig; name = "Pods-MessengerTests.debug.xcconfig"; path = "Target Support Files/Pods-MessengerTests/Pods-MessengerTests.debug.xcconfig"; sourceTree = "<group>"; };
		F1730255502653F6605C0907 /* Pods-Messenger-MessengerUITests.debug.xcconfig */ = {isa = PBXFileReference; includeInIndex = 1; lastKnownFileType = text.xcconfig; name = "Pods-Messenger-MessengerUITests.debug.xcconfig"; path = "Target Support Files/Pods-Messenger-MessengerUITests/Pods-Messenger-MessengerUITests.debug.xcconfig"; sourceTree = "<group>"; };
/* End PBXFileReference section */

/* Begin PBXFrameworksBuildPhase section */
		06AC3CFF2BC96E80000AA265 /* Frameworks */ = {
			isa = PBXFrameworksBuildPhase;
			buildActionMask = 2147483647;
			files = (
				9A21CF62ADB7458EBB456A71 /* Pods_Messenger.framework in Frameworks */,
			);
			runOnlyForDeploymentPostprocessing = 0;
		};
		06AC3D152BC96E82000AA265 /* Frameworks */ = {
			isa = PBXFrameworksBuildPhase;
			buildActionMask = 2147483647;
			files = (
				3A784833801546ECCAB42FFC /* Pods_MessengerTests.framework in Frameworks */,
			);
			runOnlyForDeploymentPostprocessing = 0;
		};
		06AC3D1F2BC96E82000AA265 /* Frameworks */ = {
			isa = PBXFrameworksBuildPhase;
			buildActionMask = 2147483647;
			files = (
				345C221F44435F4ED4E491F7 /* Pods_Messenger_MessengerUITests.framework in Frameworks */,
			);
			runOnlyForDeploymentPostprocessing = 0;
		};
/* End PBXFrameworksBuildPhase section */

/* Begin PBXGroup section */
		06AC3CF92BC96E80000AA265 = {
			isa = PBXGroup;
			children = (
				06AC3D042BC96E80000AA265 /* Messenger */,
				06AC3D1B2BC96E82000AA265 /* MessengerTests */,
				06AC3D252BC96E82000AA265 /* MessengerUITests */,
				06AC3D032BC96E80000AA265 /* Products */,
				D7FC7F11CB225F9F13E4837B /* Pods */,
				17188C1C6134F1EFB6A4B447 /* Frameworks */,
			);
			sourceTree = "<group>";
		};
		06AC3D032BC96E80000AA265 /* Products */ = {
			isa = PBXGroup;
			children = (
				06AC3D022BC96E80000AA265 /* Messenger.app */,
				06AC3D182BC96E82000AA265 /* MessengerTests.xctest */,
				06AC3D222BC96E82000AA265 /* MessengerUITests.xctest */,
			);
			name = Products;
			sourceTree = "<group>";
		};
		06AC3D042BC96E80000AA265 /* Messenger */ = {
			isa = PBXGroup;
			children = (
				0690CFDA2BD2B9FA00CA9BAE /* GoogleService-Info.plist */,
				06AC3D392BC975B7000AA265 /* Resources */,
				06AC3D382BC975A5000AA265 /* ViewModels */,
				06AC3D372BC9759A000AA265 /* Models */,
				06AC3D362BC97591000AA265 /* Views */,
				06AC3D352BC97589000AA265 /* Controllers */,
				06AC3D132BC96E81000AA265 /* Info.plist */,
			);
			path = Messenger;
			sourceTree = "<group>";
		};
		06AC3D1B2BC96E82000AA265 /* MessengerTests */ = {
			isa = PBXGroup;
			children = (
				06AC3D1C2BC96E82000AA265 /* MessengerTests.swift */,
			);
			path = MessengerTests;
			sourceTree = "<group>";
		};
		06AC3D252BC96E82000AA265 /* MessengerUITests */ = {
			isa = PBXGroup;
			children = (
				06AC3D262BC96E82000AA265 /* MessengerUITests.swift */,
				06AC3D282BC96E82000AA265 /* MessengerUITestsLaunchTests.swift */,
			);
			path = MessengerUITests;
			sourceTree = "<group>";
		};
		06AC3D352BC97589000AA265 /* Controllers */ = {
			isa = PBXGroup;
			children = (
				06AC3D092BC96E80000AA265 /* ConversationViewController.swift */,
				06AC3D4C2BC98917000AA265 /* Login */,
				06AC3D402BC978CB000AA265 /* PhotoViewerViewController.swift */,
				06AC3D462BC97943000AA265 /* VideoPlayerViewController.swift */,
				06AC3D482BC9797A000AA265 /* NewConversationViewController.swift */,
				06AC3D4A2BC979A5000AA265 /* ProfileViewController.swift */,
			);
			path = Controllers;
			sourceTree = "<group>";
		};
		06AC3D362BC97591000AA265 /* Views */ = {
			isa = PBXGroup;
			children = (
				06AC3D3A2BC9760C000AA265 /* Storyboards */,
				06AC3D0E2BC96E81000AA265 /* Assets.xcassets */,
			);
			path = Views;
			sourceTree = "<group>";
		};
		06AC3D372BC9759A000AA265 /* Models */ = {
			isa = PBXGroup;
			children = (
			);
			path = Models;
			sourceTree = "<group>";
		};
		06AC3D382BC975A5000AA265 /* ViewModels */ = {
			isa = PBXGroup;
			children = (
			);
			path = ViewModels;
			sourceTree = "<group>";
		};
		06AC3D392BC975B7000AA265 /* Resources */ = {
			isa = PBXGroup;
			children = (
				06AC3D052BC96E80000AA265 /* AppDelegate.swift */,
				06AC3D072BC96E80000AA265 /* SceneDelegate.swift */,
				068A8AC82BCAC405008608C3 /* Extensions.swift */,
				06B540952BD975E400AF86FB /* DatabaseManager.swift */,
			);
			path = Resources;
			sourceTree = "<group>";
		};
		06AC3D3A2BC9760C000AA265 /* Storyboards */ = {
			isa = PBXGroup;
			children = (
				06AC3D0B2BC96E80000AA265 /* Main.storyboard */,
				06AC3D102BC96E81000AA265 /* LaunchScreen.storyboard */,
			);
			path = Storyboards;
			sourceTree = "<group>";
		};
		06AC3D4C2BC98917000AA265 /* Login */ = {
			isa = PBXGroup;
			children = (
				06AC3D442BC97923000AA265 /* LoginViewController.swift */,
				06AC3D422BC97907000AA265 /* RegisterViewController.swift */,
			);
			path = Login;
			sourceTree = "<group>";
		};
		17188C1C6134F1EFB6A4B447 /* Frameworks */ = {
			isa = PBXGroup;
			children = (
				9E7B4DCCF23678CD4C9B490A /* Pods_Messenger.framework */,
				B90B56990D7E96DB34B47538 /* Pods_Messenger_MessengerUITests.framework */,
				0A92A4881B98089FDAC99101 /* Pods_MessengerTests.framework */,
			);
			name = Frameworks;
			sourceTree = "<group>";
		};
		D7FC7F11CB225F9F13E4837B /* Pods */ = {
			isa = PBXGroup;
			children = (
				13B438C54D2742A23AE16B04 /* Pods-Messenger.debug.xcconfig */,
				51463EE8A943F97299AAAAED /* Pods-Messenger.release.xcconfig */,
				F1730255502653F6605C0907 /* Pods-Messenger-MessengerUITests.debug.xcconfig */,
				07F1B00858757EA517D7B5BB /* Pods-Messenger-MessengerUITests.release.xcconfig */,
				C20BAFC1037DC0DF94375BA9 /* Pods-MessengerTests.debug.xcconfig */,
				1F4B312EB0D460262F371815 /* Pods-MessengerTests.release.xcconfig */,
			);
			path = Pods;
			sourceTree = "<group>";
		};
/* End PBXGroup section */

/* Begin PBXNativeTarget section */
		06AC3D012BC96E80000AA265 /* Messenger */ = {
			isa = PBXNativeTarget;
			buildConfigurationList = 06AC3D2C2BC96E82000AA265 /* Build configuration list for PBXNativeTarget "Messenger" */;
			buildPhases = (
				11707572756598996AABFCEA /* [CP] Check Pods Manifest.lock */,
				06AC3CFE2BC96E80000AA265 /* Sources */,
				06AC3CFF2BC96E80000AA265 /* Frameworks */,
				06AC3D002BC96E80000AA265 /* Resources */,
				701A167164C48718109B49A4 /* [CP] Embed Pods Frameworks */,
			);
			buildRules = (
			);
			dependencies = (
			);
			name = Messenger;
			productName = Messenger;
			productReference = 06AC3D022BC96E80000AA265 /* Messenger.app */;
			productType = "com.apple.product-type.application";
		};
		06AC3D172BC96E82000AA265 /* MessengerTests */ = {
			isa = PBXNativeTarget;
			buildConfigurationList = 06AC3D2F2BC96E82000AA265 /* Build configuration list for PBXNativeTarget "MessengerTests" */;
			buildPhases = (
				6A07FAA25BDB8C851D146FD6 /* [CP] Check Pods Manifest.lock */,
				06AC3D142BC96E82000AA265 /* Sources */,
				06AC3D152BC96E82000AA265 /* Frameworks */,
				06AC3D162BC96E82000AA265 /* Resources */,
			);
			buildRules = (
			);
			dependencies = (
				06AC3D1A2BC96E82000AA265 /* PBXTargetDependency */,
			);
			name = MessengerTests;
			productName = MessengerTests;
			productReference = 06AC3D182BC96E82000AA265 /* MessengerTests.xctest */;
			productType = "com.apple.product-type.bundle.unit-test";
		};
		06AC3D212BC96E82000AA265 /* MessengerUITests */ = {
			isa = PBXNativeTarget;
			buildConfigurationList = 06AC3D322BC96E82000AA265 /* Build configuration list for PBXNativeTarget "MessengerUITests" */;
			buildPhases = (
				CDB1473BB53EDF387B59D0A0 /* [CP] Check Pods Manifest.lock */,
				06AC3D1E2BC96E82000AA265 /* Sources */,
				06AC3D1F2BC96E82000AA265 /* Frameworks */,
				06AC3D202BC96E82000AA265 /* Resources */,
				90AA7CD942317FF4315906D7 /* [CP] Embed Pods Frameworks */,
			);
			buildRules = (
			);
			dependencies = (
				06AC3D242BC96E82000AA265 /* PBXTargetDependency */,
			);
			name = MessengerUITests;
			productName = MessengerUITests;
			productReference = 06AC3D222BC96E82000AA265 /* MessengerUITests.xctest */;
			productType = "com.apple.product-type.bundle.ui-testing";
		};
/* End PBXNativeTarget section */

/* Begin PBXProject section */
		06AC3CFA2BC96E80000AA265 /* Project object */ = {
			isa = PBXProject;
			attributes = {
				BuildIndependentTargetsInParallel = 1;
				LastSwiftUpdateCheck = 1430;
				LastUpgradeCheck = 1430;
				TargetAttributes = {
					06AC3D012BC96E80000AA265 = {
						CreatedOnToolsVersion = 14.3.1;
					};
					06AC3D172BC96E82000AA265 = {
						CreatedOnToolsVersion = 14.3.1;
						TestTargetID = 06AC3D012BC96E80000AA265;
					};
					06AC3D212BC96E82000AA265 = {
						CreatedOnToolsVersion = 14.3.1;
						TestTargetID = 06AC3D012BC96E80000AA265;
					};
				};
			};
			buildConfigurationList = 06AC3CFD2BC96E80000AA265 /* Build configuration list for PBXProject "Messenger" */;
			compatibilityVersion = "Xcode 14.0";
			developmentRegion = en;
			hasScannedForEncodings = 0;
			knownRegions = (
				en,
				Base,
			);
			mainGroup = 06AC3CF92BC96E80000AA265;
			productRefGroup = 06AC3D032BC96E80000AA265 /* Products */;
			projectDirPath = "";
			projectRoot = "";
			targets = (
				06AC3D012BC96E80000AA265 /* Messenger */,
				06AC3D172BC96E82000AA265 /* MessengerTests */,
				06AC3D212BC96E82000AA265 /* MessengerUITests */,
			);
		};
/* End PBXProject section */

/* Begin PBXResourcesBuildPhase section */
		06AC3D002BC96E80000AA265 /* Resources */ = {
			isa = PBXResourcesBuildPhase;
			buildActionMask = 2147483647;
			files = (
				06AC3D122BC96E81000AA265 /* LaunchScreen.storyboard in Resources */,
				0690CFDB2BD2B9FA00CA9BAE /* GoogleService-Info.plist in Resources */,
				06AC3D0F2BC96E81000AA265 /* Assets.xcassets in Resources */,
				06AC3D0D2BC96E80000AA265 /* Main.storyboard in Resources */,
			);
			runOnlyForDeploymentPostprocessing = 0;
		};
		06AC3D162BC96E82000AA265 /* Resources */ = {
			isa = PBXResourcesBuildPhase;
			buildActionMask = 2147483647;
			files = (
			);
			runOnlyForDeploymentPostprocessing = 0;
		};
		06AC3D202BC96E82000AA265 /* Resources */ = {
			isa = PBXResourcesBuildPhase;
			buildActionMask = 2147483647;
			files = (
			);
			runOnlyForDeploymentPostprocessing = 0;
		};
/* End PBXResourcesBuildPhase section */

/* Begin PBXShellScriptBuildPhase section */
		11707572756598996AABFCEA /* [CP] Check Pods Manifest.lock */ = {
			isa = PBXShellScriptBuildPhase;
			buildActionMask = 2147483647;
			files = (
			);
			inputFileListPaths = (
			);
			inputPaths = (
				"${PODS_PODFILE_DIR_PATH}/Podfile.lock",
				"${PODS_ROOT}/Manifest.lock",
			);
			name = "[CP] Check Pods Manifest.lock";
			outputFileListPaths = (
			);
			outputPaths = (
				"$(DERIVED_FILE_DIR)/Pods-Messenger-checkManifestLockResult.txt",
			);
			runOnlyForDeploymentPostprocessing = 0;
			shellPath = /bin/sh;
			shellScript = "diff \"${PODS_PODFILE_DIR_PATH}/Podfile.lock\" \"${PODS_ROOT}/Manifest.lock\" > /dev/null\nif [ $? != 0 ] ; then\n    # print error to STDERR\n    echo \"error: The sandbox is not in sync with the Podfile.lock. Run 'pod install' or update your CocoaPods installation.\" >&2\n    exit 1\nfi\n# This output is used by Xcode 'outputs' to avoid re-running this script phase.\necho \"SUCCESS\" > \"${SCRIPT_OUTPUT_FILE_0}\"\n";
			showEnvVarsInLog = 0;
		};
		6A07FAA25BDB8C851D146FD6 /* [CP] Check Pods Manifest.lock */ = {
			isa = PBXShellScriptBuildPhase;
			buildActionMask = 2147483647;
			files = (
			);
			inputFileListPaths = (
			);
			inputPaths = (
				"${PODS_PODFILE_DIR_PATH}/Podfile.lock",
				"${PODS_ROOT}/Manifest.lock",
			);
			name = "[CP] Check Pods Manifest.lock";
			outputFileListPaths = (
			);
			outputPaths = (
				"$(DERIVED_FILE_DIR)/Pods-MessengerTests-checkManifestLockResult.txt",
			);
			runOnlyForDeploymentPostprocessing = 0;
			shellPath = /bin/sh;
			shellScript = "diff \"${PODS_PODFILE_DIR_PATH}/Podfile.lock\" \"${PODS_ROOT}/Manifest.lock\" > /dev/null\nif [ $? != 0 ] ; then\n    # print error to STDERR\n    echo \"error: The sandbox is not in sync with the Podfile.lock. Run 'pod install' or update your CocoaPods installation.\" >&2\n    exit 1\nfi\n# This output is used by Xcode 'outputs' to avoid re-running this script phase.\necho \"SUCCESS\" > \"${SCRIPT_OUTPUT_FILE_0}\"\n";
			showEnvVarsInLog = 0;
		};
		701A167164C48718109B49A4 /* [CP] Embed Pods Frameworks */ = {
			isa = PBXShellScriptBuildPhase;
			buildActionMask = 2147483647;
			files = (
			);
			inputFileListPaths = (
				"${PODS_ROOT}/Target Support Files/Pods-Messenger/Pods-Messenger-frameworks-${CONFIGURATION}-input-files.xcfilelist",
			);
			name = "[CP] Embed Pods Frameworks";
			outputFileListPaths = (
				"${PODS_ROOT}/Target Support Files/Pods-Messenger/Pods-Messenger-frameworks-${CONFIGURATION}-output-files.xcfilelist",
			);
			runOnlyForDeploymentPostprocessing = 0;
			shellPath = /bin/sh;
			shellScript = "\"${PODS_ROOT}/Target Support Files/Pods-Messenger/Pods-Messenger-frameworks.sh\"\n";
			showEnvVarsInLog = 0;
		};
		90AA7CD942317FF4315906D7 /* [CP] Embed Pods Frameworks */ = {
			isa = PBXShellScriptBuildPhase;
			buildActionMask = 2147483647;
			files = (
			);
			inputFileListPaths = (
				"${PODS_ROOT}/Target Support Files/Pods-Messenger-MessengerUITests/Pods-Messenger-MessengerUITests-frameworks-${CONFIGURATION}-input-files.xcfilelist",
			);
			name = "[CP] Embed Pods Frameworks";
			outputFileListPaths = (
				"${PODS_ROOT}/Target Support Files/Pods-Messenger-MessengerUITests/Pods-Messenger-MessengerUITests-frameworks-${CONFIGURATION}-output-files.xcfilelist",
			);
			runOnlyForDeploymentPostprocessing = 0;
			shellPath = /bin/sh;
			shellScript = "\"${PODS_ROOT}/Target Support Files/Pods-Messenger-MessengerUITests/Pods-Messenger-MessengerUITests-frameworks.sh\"\n";
			showEnvVarsInLog = 0;
		};
		CDB1473BB53EDF387B59D0A0 /* [CP] Check Pods Manifest.lock */ = {
			isa = PBXShellScriptBuildPhase;
			buildActionMask = 2147483647;
			files = (
			);
			inputFileListPaths = (
			);
			inputPaths = (
				"${PODS_PODFILE_DIR_PATH}/Podfile.lock",
				"${PODS_ROOT}/Manifest.lock",
			);
			name = "[CP] Check Pods Manifest.lock";
			outputFileListPaths = (
			);
			outputPaths = (
				"$(DERIVED_FILE_DIR)/Pods-Messenger-MessengerUITests-checkManifestLockResult.txt",
			);
			runOnlyForDeploymentPostprocessing = 0;
			shellPath = /bin/sh;
			shellScript = "diff \"${PODS_PODFILE_DIR_PATH}/Podfile.lock\" \"${PODS_ROOT}/Manifest.lock\" > /dev/null\nif [ $? != 0 ] ; then\n    # print error to STDERR\n    echo \"error: The sandbox is not in sync with the Podfile.lock. Run 'pod install' or update your CocoaPods installation.\" >&2\n    exit 1\nfi\n# This output is used by Xcode 'outputs' to avoid re-running this script phase.\necho \"SUCCESS\" > \"${SCRIPT_OUTPUT_FILE_0}\"\n";
			showEnvVarsInLog = 0;
		};
/* End PBXShellScriptBuildPhase section */

/* Begin PBXSourcesBuildPhase section */
		06AC3CFE2BC96E80000AA265 /* Sources */ = {
			isa = PBXSourcesBuildPhase;
			buildActionMask = 2147483647;
			files = (
				06AC3D452BC97923000AA265 /* LoginViewController.swift in Sources */,
				06B540962BD975E400AF86FB /* DatabaseManager.swift in Sources */,
				06AC3D0A2BC96E80000AA265 /* ConversationViewController.swift in Sources */,
				06AC3D492BC9797A000AA265 /* NewConversationViewController.swift in Sources */,
				06AC3D062BC96E80000AA265 /* AppDelegate.swift in Sources */,
				06AC3D472BC97943000AA265 /* VideoPlayerViewController.swift in Sources */,
				068A8AC92BCAC405008608C3 /* Extensions.swift in Sources */,
				06AC3D432BC97907000AA265 /* RegisterViewController.swift in Sources */,
				06AC3D4B2BC979A5000AA265 /* ProfileViewController.swift in Sources */,
				06AC3D082BC96E80000AA265 /* SceneDelegate.swift in Sources */,
				06AC3D412BC978CB000AA265 /* PhotoViewerViewController.swift in Sources */,
			);
			runOnlyForDeploymentPostprocessing = 0;
		};
		06AC3D142BC96E82000AA265 /* Sources */ = {
			isa = PBXSourcesBuildPhase;
			buildActionMask = 2147483647;
			files = (
				06AC3D1D2BC96E82000AA265 /* MessengerTests.swift in Sources */,
			);
			runOnlyForDeploymentPostprocessing = 0;
		};
		06AC3D1E2BC96E82000AA265 /* Sources */ = {
			isa = PBXSourcesBuildPhase;
			buildActionMask = 2147483647;
			files = (
				06AC3D292BC96E82000AA265 /* MessengerUITestsLaunchTests.swift in Sources */,
				06AC3D272BC96E82000AA265 /* MessengerUITests.swift in Sources */,
			);
			runOnlyForDeploymentPostprocessing = 0;
		};
/* End PBXSourcesBuildPhase section */

/* Begin PBXTargetDependency section */
		06AC3D1A2BC96E82000AA265 /* PBXTargetDependency */ = {
			isa = PBXTargetDependency;
			target = 06AC3D012BC96E80000AA265 /* Messenger */;
			targetProxy = 06AC3D192BC96E82000AA265 /* PBXContainerItemProxy */;
		};
		06AC3D242BC96E82000AA265 /* PBXTargetDependency */ = {
			isa = PBXTargetDependency;
			target = 06AC3D012BC96E80000AA265 /* Messenger */;
			targetProxy = 06AC3D232BC96E82000AA265 /* PBXContainerItemProxy */;
		};
/* End PBXTargetDependency section */

/* Begin PBXVariantGroup section */
		06AC3D0B2BC96E80000AA265 /* Main.storyboard */ = {
			isa = PBXVariantGroup;
			children = (
				06AC3D0C2BC96E80000AA265 /* Base */,
			);
			name = Main.storyboard;
			sourceTree = "<group>";
		};
		06AC3D102BC96E81000AA265 /* LaunchScreen.storyboard */ = {
			isa = PBXVariantGroup;
			children = (
				06AC3D112BC96E81000AA265 /* Base */,
			);
			name = LaunchScreen.storyboard;
			sourceTree = "<group>";
		};
/* End PBXVariantGroup section */

/* Begin XCBuildConfiguration section */
		06AC3D2A2BC96E82000AA265 /* Debug */ = {
			isa = XCBuildConfiguration;
			buildSettings = {
				ALWAYS_SEARCH_USER_PATHS = NO;
				CLANG_ANALYZER_NONNULL = YES;
				CLANG_ANALYZER_NUMBER_OBJECT_CONVERSION = YES_AGGRESSIVE;
				CLANG_CXX_LANGUAGE_STANDARD = "gnu++20";
				CLANG_ENABLE_MODULES = YES;
				CLANG_ENABLE_OBJC_ARC = YES;
				CLANG_ENABLE_OBJC_WEAK = YES;
				CLANG_WARN_BLOCK_CAPTURE_AUTORELEASING = YES;
				CLANG_WARN_BOOL_CONVERSION = YES;
				CLANG_WARN_COMMA = YES;
				CLANG_WARN_CONSTANT_CONVERSION = YES;
				CLANG_WARN_DEPRECATED_OBJC_IMPLEMENTATIONS = YES;
				CLANG_WARN_DIRECT_OBJC_ISA_USAGE = YES_ERROR;
				CLANG_WARN_DOCUMENTATION_COMMENTS = YES;
				CLANG_WARN_EMPTY_BODY = YES;
				CLANG_WARN_ENUM_CONVERSION = YES;
				CLANG_WARN_INFINITE_RECURSION = YES;
				CLANG_WARN_INT_CONVERSION = YES;
				CLANG_WARN_NON_LITERAL_NULL_CONVERSION = YES;
				CLANG_WARN_OBJC_IMPLICIT_RETAIN_SELF = YES;
				CLANG_WARN_OBJC_LITERAL_CONVERSION = YES;
				CLANG_WARN_OBJC_ROOT_CLASS = YES_ERROR;
				CLANG_WARN_QUOTED_INCLUDE_IN_FRAMEWORK_HEADER = YES;
				CLANG_WARN_RANGE_LOOP_ANALYSIS = YES;
				CLANG_WARN_STRICT_PROTOTYPES = YES;
				CLANG_WARN_SUSPICIOUS_MOVE = YES;
				CLANG_WARN_UNGUARDED_AVAILABILITY = YES_AGGRESSIVE;
				CLANG_WARN_UNREACHABLE_CODE = YES;
				CLANG_WARN__DUPLICATE_METHOD_MATCH = YES;
				COPY_PHASE_STRIP = NO;
				DEBUG_INFORMATION_FORMAT = dwarf;
				ENABLE_STRICT_OBJC_MSGSEND = YES;
				ENABLE_TESTABILITY = YES;
				GCC_C_LANGUAGE_STANDARD = gnu11;
				GCC_DYNAMIC_NO_PIC = NO;
				GCC_NO_COMMON_BLOCKS = YES;
				GCC_OPTIMIZATION_LEVEL = 0;
				GCC_PREPROCESSOR_DEFINITIONS = (
					"DEBUG=1",
					"$(inherited)",
				);
				GCC_WARN_64_TO_32_BIT_CONVERSION = YES;
				GCC_WARN_ABOUT_RETURN_TYPE = YES_ERROR;
				GCC_WARN_UNDECLARED_SELECTOR = YES;
				GCC_WARN_UNINITIALIZED_AUTOS = YES_AGGRESSIVE;
				GCC_WARN_UNUSED_FUNCTION = YES;
				GCC_WARN_UNUSED_VARIABLE = YES;
				IPHONEOS_DEPLOYMENT_TARGET = 16.4;
				MTL_ENABLE_DEBUG_INFO = INCLUDE_SOURCE;
				MTL_FAST_MATH = YES;
				ONLY_ACTIVE_ARCH = YES;
				SDKROOT = iphoneos;
				SWIFT_ACTIVE_COMPILATION_CONDITIONS = DEBUG;
				SWIFT_OPTIMIZATION_LEVEL = "-Onone";
			};
			name = Debug;
		};
		06AC3D2B2BC96E82000AA265 /* Release */ = {
			isa = XCBuildConfiguration;
			buildSettings = {
				ALWAYS_SEARCH_USER_PATHS = NO;
				CLANG_ANALYZER_NONNULL = YES;
				CLANG_ANALYZER_NUMBER_OBJECT_CONVERSION = YES_AGGRESSIVE;
				CLANG_CXX_LANGUAGE_STANDARD = "gnu++20";
				CLANG_ENABLE_MODULES = YES;
				CLANG_ENABLE_OBJC_ARC = YES;
				CLANG_ENABLE_OBJC_WEAK = YES;
				CLANG_WARN_BLOCK_CAPTURE_AUTORELEASING = YES;
				CLANG_WARN_BOOL_CONVERSION = YES;
				CLANG_WARN_COMMA = YES;
				CLANG_WARN_CONSTANT_CONVERSION = YES;
				CLANG_WARN_DEPRECATED_OBJC_IMPLEMENTATIONS = YES;
				CLANG_WARN_DIRECT_OBJC_ISA_USAGE = YES_ERROR;
				CLANG_WARN_DOCUMENTATION_COMMENTS = YES;
				CLANG_WARN_EMPTY_BODY = YES;
				CLANG_WARN_ENUM_CONVERSION = YES;
				CLANG_WARN_INFINITE_RECURSION = YES;
				CLANG_WARN_INT_CONVERSION = YES;
				CLANG_WARN_NON_LITERAL_NULL_CONVERSION = YES;
				CLANG_WARN_OBJC_IMPLICIT_RETAIN_SELF = YES;
				CLANG_WARN_OBJC_LITERAL_CONVERSION = YES;
				CLANG_WARN_OBJC_ROOT_CLASS = YES_ERROR;
				CLANG_WARN_QUOTED_INCLUDE_IN_FRAMEWORK_HEADER = YES;
				CLANG_WARN_RANGE_LOOP_ANALYSIS = YES;
				CLANG_WARN_STRICT_PROTOTYPES = YES;
				CLANG_WARN_SUSPICIOUS_MOVE = YES;
				CLANG_WARN_UNGUARDED_AVAILABILITY = YES_AGGRESSIVE;
				CLANG_WARN_UNREACHABLE_CODE = YES;
				CLANG_WARN__DUPLICATE_METHOD_MATCH = YES;
				COPY_PHASE_STRIP = NO;
				DEBUG_INFORMATION_FORMAT = "dwarf-with-dsym";
				ENABLE_NS_ASSERTIONS = NO;
				ENABLE_STRICT_OBJC_MSGSEND = YES;
				GCC_C_LANGUAGE_STANDARD = gnu11;
				GCC_NO_COMMON_BLOCKS = YES;
				GCC_WARN_64_TO_32_BIT_CONVERSION = YES;
				GCC_WARN_ABOUT_RETURN_TYPE = YES_ERROR;
				GCC_WARN_UNDECLARED_SELECTOR = YES;
				GCC_WARN_UNINITIALIZED_AUTOS = YES_AGGRESSIVE;
				GCC_WARN_UNUSED_FUNCTION = YES;
				GCC_WARN_UNUSED_VARIABLE = YES;
				IPHONEOS_DEPLOYMENT_TARGET = 16.4;
				MTL_ENABLE_DEBUG_INFO = NO;
				MTL_FAST_MATH = YES;
				SDKROOT = iphoneos;
				SWIFT_COMPILATION_MODE = wholemodule;
				SWIFT_OPTIMIZATION_LEVEL = "-O";
				VALIDATE_PRODUCT = YES;
			};
			name = Release;
		};
		06AC3D2D2BC96E82000AA265 /* Debug */ = {
			isa = XCBuildConfiguration;
			baseConfigurationReference = 13B438C54D2742A23AE16B04 /* Pods-Messenger.debug.xcconfig */;
			buildSettings = {
				ASSETCATALOG_COMPILER_APPICON_NAME = AppIcon;
				ASSETCATALOG_COMPILER_GLOBAL_ACCENT_COLOR_NAME = AccentColor;
				CODE_SIGN_STYLE = Automatic;
				CURRENT_PROJECT_VERSION = 1;
				GENERATE_INFOPLIST_FILE = YES;
				INFOPLIST_FILE = Messenger/Info.plist;
				INFOPLIST_KEY_UIApplicationSupportsIndirectInputEvents = YES;
				INFOPLIST_KEY_UILaunchStoryboardName = LaunchScreen.storyboard;
				INFOPLIST_KEY_UIMainStoryboardFile = Main;
				INFOPLIST_KEY_UISupportedInterfaceOrientations = UIInterfaceOrientationPortrait;
				IPHONEOS_DEPLOYMENT_TARGET = 13.5;
				LD_RUNPATH_SEARCH_PATHS = (
					"$(inherited)",
					"@executable_path/Frameworks",
				);
				MARKETING_VERSION = 1.0;
				PRODUCT_BUNDLE_IDENTIFIER = messager.Messenger;
				PRODUCT_NAME = "$(TARGET_NAME)";
				SWIFT_EMIT_LOC_STRINGS = YES;
				SWIFT_VERSION = 5.0;
				TARGETED_DEVICE_FAMILY = "1,2";
			};
			name = Debug;
		};
		06AC3D2E2BC96E82000AA265 /* Release */ = {
			isa = XCBuildConfiguration;
			baseConfigurationReference = 51463EE8A943F97299AAAAED /* Pods-Messenger.release.xcconfig */;
			buildSettings = {
				ASSETCATALOG_COMPILER_APPICON_NAME = AppIcon;
				ASSETCATALOG_COMPILER_GLOBAL_ACCENT_COLOR_NAME = AccentColor;
				CODE_SIGN_STYLE = Automatic;
				CURRENT_PROJECT_VERSION = 1;
				GENERATE_INFOPLIST_FILE = YES;
				INFOPLIST_FILE = Messenger/Info.plist;
				INFOPLIST_KEY_UIApplicationSupportsIndirectInputEvents = YES;
				INFOPLIST_KEY_UILaunchStoryboardName = LaunchScreen.storyboard;
				INFOPLIST_KEY_UIMainStoryboardFile = Main;
				INFOPLIST_KEY_UISupportedInterfaceOrientations = UIInterfaceOrientationPortrait;
				IPHONEOS_DEPLOYMENT_TARGET = 13.5;
				LD_RUNPATH_SEARCH_PATHS = (
					"$(inherited)",
					"@executable_path/Frameworks",
				);
				MARKETING_VERSION = 1.0;
				PRODUCT_BUNDLE_IDENTIFIER = messager.Messenger;
				PRODUCT_NAME = "$(TARGET_NAME)";
				SWIFT_EMIT_LOC_STRINGS = YES;
				SWIFT_VERSION = 5.0;
				TARGETED_DEVICE_FAMILY = "1,2";
			};
			name = Release;
		};
		06AC3D302BC96E82000AA265 /* Debug */ = {
			isa = XCBuildConfiguration;
			baseConfigurationReference = C20BAFC1037DC0DF94375BA9 /* Pods-MessengerTests.debug.xcconfig */;
			buildSettings = {
				ALWAYS_EMBED_SWIFT_STANDARD_LIBRARIES = YES;
				BUNDLE_LOADER = "$(TEST_HOST)";
				CODE_SIGN_STYLE = Automatic;
				CURRENT_PROJECT_VERSION = 1;
				GENERATE_INFOPLIST_FILE = YES;
				IPHONEOS_DEPLOYMENT_TARGET = 16.4;
				MARKETING_VERSION = 1.0;
				PRODUCT_BUNDLE_IDENTIFIER = messager.MessengerTests;
				PRODUCT_NAME = "$(TARGET_NAME)";
				SWIFT_EMIT_LOC_STRINGS = NO;
				SWIFT_VERSION = 5.0;
				TARGETED_DEVICE_FAMILY = "1,2";
				TEST_HOST = "$(BUILT_PRODUCTS_DIR)/Messenger.app/$(BUNDLE_EXECUTABLE_FOLDER_PATH)/Messenger";
			};
			name = Debug;
		};
		06AC3D312BC96E82000AA265 /* Release */ = {
			isa = XCBuildConfiguration;
			baseConfigurationReference = 1F4B312EB0D460262F371815 /* Pods-MessengerTests.release.xcconfig */;
			buildSettings = {
				ALWAYS_EMBED_SWIFT_STANDARD_LIBRARIES = YES;
				BUNDLE_LOADER = "$(TEST_HOST)";
				CODE_SIGN_STYLE = Automatic;
				CURRENT_PROJECT_VERSION = 1;
				GENERATE_INFOPLIST_FILE = YES;
				IPHONEOS_DEPLOYMENT_TARGET = 16.4;
				MARKETING_VERSION = 1.0;
				PRODUCT_BUNDLE_IDENTIFIER = messager.MessengerTests;
				PRODUCT_NAME = "$(TARGET_NAME)";
				SWIFT_EMIT_LOC_STRINGS = NO;
				SWIFT_VERSION = 5.0;
				TARGETED_DEVICE_FAMILY = "1,2";
				TEST_HOST = "$(BUILT_PRODUCTS_DIR)/Messenger.app/$(BUNDLE_EXECUTABLE_FOLDER_PATH)/Messenger";
			};
			name = Release;
		};
		06AC3D332BC96E82000AA265 /* Debug */ = {
			isa = XCBuildConfiguration;
			baseConfigurationReference = F1730255502653F6605C0907 /* Pods-Messenger-MessengerUITests.debug.xcconfig */;
			buildSettings = {
				ALWAYS_EMBED_SWIFT_STANDARD_LIBRARIES = YES;
				CODE_SIGN_STYLE = Automatic;
				CURRENT_PROJECT_VERSION = 1;
				GENERATE_INFOPLIST_FILE = YES;
				MARKETING_VERSION = 1.0;
				PRODUCT_BUNDLE_IDENTIFIER = messager.MessengerUITests;
				PRODUCT_NAME = "$(TARGET_NAME)";
				SWIFT_EMIT_LOC_STRINGS = NO;
				SWIFT_VERSION = 5.0;
				TARGETED_DEVICE_FAMILY = "1,2";
				TEST_TARGET_NAME = Messenger;
			};
			name = Debug;
		};
		06AC3D342BC96E82000AA265 /* Release */ = {
			isa = XCBuildConfiguration;
			baseConfigurationReference = 07F1B00858757EA517D7B5BB /* Pods-Messenger-MessengerUITests.release.xcconfig */;
			buildSettings = {
				ALWAYS_EMBED_SWIFT_STANDARD_LIBRARIES = YES;
				CODE_SIGN_STYLE = Automatic;
				CURRENT_PROJECT_VERSION = 1;
				GENERATE_INFOPLIST_FILE = YES;
				MARKETING_VERSION = 1.0;
				PRODUCT_BUNDLE_IDENTIFIER = messager.MessengerUITests;
				PRODUCT_NAME = "$(TARGET_NAME)";
				SWIFT_EMIT_LOC_STRINGS = NO;
				SWIFT_VERSION = 5.0;
				TARGETED_DEVICE_FAMILY = "1,2";
				TEST_TARGET_NAME = Messenger;
			};
			name = Release;
		};
/* End XCBuildConfiguration section */

/* Begin XCConfigurationList section */
		06AC3CFD2BC96E80000AA265 /* Build configuration list for PBXProject "Messenger" */ = {
			isa = XCConfigurationList;
			buildConfigurations = (
				06AC3D2A2BC96E82000AA265 /* Debug */,
				06AC3D2B2BC96E82000AA265 /* Release */,
			);
			defaultConfigurationIsVisible = 0;
			defaultConfigurationName = Release;
		};
		06AC3D2C2BC96E82000AA265 /* Build configuration list for PBXNativeTarget "Messenger" */ = {
			isa = XCConfigurationList;
			buildConfigurations = (
				06AC3D2D2BC96E82000AA265 /* Debug */,
				06AC3D2E2BC96E82000AA265 /* Release */,
			);
			defaultConfigurationIsVisible = 0;
			defaultConfigurationName = Release;
		};
		06AC3D2F2BC96E82000AA265 /* Build configuration list for PBXNativeTarget "MessengerTests" */ = {
			isa = XCConfigurationList;
			buildConfigurations = (
				06AC3D302BC96E82000AA265 /* Debug */,
				06AC3D312BC96E82000AA265 /* Release */,
			);
			defaultConfigurationIsVisible = 0;
			defaultConfigurationName = Release;
		};
		06AC3D322BC96E82000AA265 /* Build configuration list for PBXNativeTarget "MessengerUITests" */ = {
			isa = XCConfigurationList;
			buildConfigurations = (
				06AC3D332BC96E82000AA265 /* Debug */,
				06AC3D342BC96E82000AA265 /* Release */,
			);
			defaultConfigurationIsVisible = 0;
			defaultConfigurationName = Release;
		};
/* End XCConfigurationList section */
	};
	rootObject = 06AC3CFA2BC96E80000AA265 /* Project object */;
}
