// !$*UTF8*$!
{
	archiveVersion = 1;
	classes = {
	};
	objectVersion = 56;
	objects = {

/* Begin PBXBuildFile section */
		06AC3D062BC96E80000AA265 /* AppDelegate.swift in Sources */ = {isa = PBXBuildFile; fileRef = 06AC3D052BC96E80000AA265 /* AppDelegate.swift */; };
		06AC3D082BC96E80000AA265 /* SceneDelegate.swift in Sources */ = {isa = PBXBuildFile; fileRef = 06AC3D072BC96E80000AA265 /* SceneDelegate.swift */; };
		06AC3D0A2BC96E80000AA265 /* ViewController.swift in Sources */ = {isa = PBXBuildFile; fileRef = 06AC3D092BC96E80000AA265 /* ViewController.swift */; };
		06AC3D0D2BC96E80000AA265 /* Main.storyboard in Resources */ = {isa = PBXBuildFile; fileRef = 06AC3D0B2BC96E80000AA265 /* Main.storyboard */; };
		06AC3D0F2BC96E81000AA265 /* Assets.xcassets in Resources */ = {isa = PBXBuildFile; fileRef = 06AC3D0E2BC96E81000AA265 /* Assets.xcassets */; };
		06AC3D122BC96E81000AA265 /* LaunchScreen.storyboard in Resources */ = {isa = PBXBuildFile; fileRef = 06AC3D102BC96E81000AA265 /* LaunchScreen.storyboard */; };
		06AC3D1D2BC96E82000AA265 /* MessengerTests.swift in Sources */ = {isa = PBXBuildFile; fileRef = 06AC3D1C2BC96E82000AA265 /* MessengerTests.swift */; };
		06AC3D272BC96E82000AA265 /* MessengerUITests.swift in Sources */ = {isa = PBXBuildFile; fileRef = 06AC3D262BC96E82000AA265 /* MessengerUITests.swift */; };
		06AC3D292BC96E82000AA265 /* MessengerUITestsLaunchTests.swift in Sources */ = {isa = PBXBuildFile; fileRef = 06AC3D282BC96E82000AA265 /* MessengerUITestsLaunchTests.swift */; };
/* End PBXBuildFile section */

/* Begin PBXContainerItemProxy section */
		06AC3D192BC96E82000AA265 /* PBXContainerItemProxy */ = {
			isa = PBXContainerItemProxy;
			containerPortal = 06AC3CFA2BC96E80000AA265 /* Project object */;
			proxyType = 1;
			remoteGlobalIDString = 06AC3D012BC96E80000AA265;
			remoteInfo = Messenger;
		};
		06AC3D232BC96E82000AA265 /* PBXContainerItemProxy */ = {
			isa = PBXContainerItemProxy;
			containerPortal = 06AC3CFA2BC96E80000AA265 /* Project object */;
			proxyType = 1;
			remoteGlobalIDString = 06AC3D012BC96E80000AA265;
			remoteInfo = Messenger;
		};
/* End PBXContainerItemProxy section */

/* Begin PBXFileReference section */
		06AC3D022BC96E80000AA265 /* Messenger.app */ = {isa = PBXFileReference; explicitFileType = wrapper.application; includeInIndex = 0; path = Messenger.app; sourceTree = BUILT_PRODUCTS_DIR; };
		06AC3D052BC96E80000AA265 /* AppDelegate.swift */ = {isa = PBXFileReference; lastKnownFileType = sourcecode.swift; path = AppDelegate.swift; sourceTree = "<group>"; };
		06AC3D072BC96E80000AA265 /* SceneDelegate.swift */ = {isa = PBXFileReference; lastKnownFileType = sourcecode.swift; path = SceneDelegate.swift; sourceTree = "<group>"; };
		06AC3D092BC96E80000AA265 /* ViewController.swift */ = {isa = PBXFileReference; lastKnownFileType = sourcecode.swift; path = ViewController.swift; sourceTree = "<group>"; };
		06AC3D0C2BC96E80000AA265 /* Base */ = {isa = PBXFileReference; lastKnownFileType = file.storyboard; name = Base; path = Base.lproj/Main.storyboard; sourceTree = "<group>"; };
		06AC3D0E2BC96E81000AA265 /* Assets.xcassets */ = {isa = PBXFileReference; lastKnownFileType = folder.assetcatalog; path = Assets.xcassets; sourceTree = "<group>"; };
		06AC3D112BC96E81000AA265 /* Base */ = {isa = PBXFileReference; lastKnownFileType = file.storyboard; name = Base; path = Base.lproj/LaunchScreen.storyboard; sourceTree = "<group>"; };
		06AC3D132BC96E81000AA265 /* Info.plist */ = {isa = PBXFileReference; lastKnownFileType = text.plist.xml; path = Info.plist; sourceTree = "<group>"; };
		06AC3D182BC96E82000AA265 /* MessengerTests.xctest */ = {isa = PBXFileReference; explicitFileType = wrapper.cfbundle; includeInIndex = 0; path = MessengerTests.xctest; sourceTree = BUILT_PRODUCTS_DIR; };
		06AC3D1C2BC96E82000AA265 /* MessengerTests.swift */ = {isa = PBXFileReference; lastKnownFileType = sourcecode.swift; path = MessengerTests.swift; sourceTree = "<group>"; };
		06AC3D222BC96E82000AA265 /* MessengerUITests.xctest */ = {isa = PBXFileReference; explicitFileType = wrapper.cfbundle; includeInIndex = 0; path = MessengerUITests.xctest; sourceTree = BUILT_PRODUCTS_DIR; };
		06AC3D262BC96E82000AA265 /* MessengerUITests.swift */ = {isa = PBXFileReference; lastKnownFileType = sourcecode.swift; path = MessengerUITests.swift; sourceTree = "<group>"; };
		06AC3D282BC96E82000AA265 /* MessengerUITestsLaunchTests.swift */ = {isa = PBXFileReference; lastKnownFileType = sourcecode.swift; path = MessengerUITestsLaunchTests.swift; sourceTree = "<group>"; };
/* End PBXFileReference section */

/* Begin PBXFrameworksBuildPhase section */
		06AC3CFF2BC96E80000AA265 /* Frameworks */ = {
			isa = PBXFrameworksBuildPhase;
			buildActionMask = 2147483647;
			files = (
			);
			runOnlyForDeploymentPostprocessing = 0;
		};
		06AC3D152BC96E82000AA265 /* Frameworks */ = {
			isa = PBXFrameworksBuildPhase;
			buildActionMask = 2147483647;
			files = (
			);
			runOnlyForDeploymentPostprocessing = 0;
		};
		06AC3D1F2BC96E82000AA265 /* Frameworks */ = {
			isa = PBXFrameworksBuildPhase;
			buildActionMask = 2147483647;
			files = (
			);
			runOnlyForDeploymentPostprocessing = 0;
		};
/* End PBXFrameworksBuildPhase section */

/* Begin PBXGroup section */
		06AC3CF92BC96E80000AA265 = {
			isa = PBXGroup;
			children = (
				06AC3D042BC96E80000AA265 /* Messenger */,
				06AC3D1B2BC96E82000AA265 /* MessengerTests */,
				06AC3D252BC96E82000AA265 /* MessengerUITests */,
				06AC3D032BC96E80000AA265 /* Products */,
			);
			sourceTree = "<group>";
		};
		06AC3D032BC96E80000AA265 /* Products */ = {
			isa = PBXGroup;
			children = (
				06AC3D022BC96E80000AA265 /* Messenger.app */,
				06AC3D182BC96E82000AA265 /* MessengerTests.xctest */,
				06AC3D222BC96E82000AA265 /* MessengerUITests.xctest */,
			);
			name = Products;
			sourceTree = "<group>";
		};
		06AC3D042BC96E80000AA265 /* Messenger */ = {
			isa = PBXGroup;
			children = (
				06AC3D052BC96E80000AA265 /* AppDelegate.swift */,
				06AC3D072BC96E80000AA265 /* SceneDelegate.swift */,
				06AC3D092BC96E80000AA265 /* ViewController.swift */,
				06AC3D0B2BC96E80000AA265 /* Main.storyboard */,
				06AC3D0E2BC96E81000AA265 /* Assets.xcassets */,
				06AC3D102BC96E81000AA265 /* LaunchScreen.storyboard */,
				06AC3D132BC96E81000AA265 /* Info.plist */,
			);
			path = Messenger;
			sourceTree = "<group>";
		};
		06AC3D1B2BC96E82000AA265 /* MessengerTests */ = {
			isa = PBXGroup;
			children = (
				06AC3D1C2BC96E82000AA265 /* MessengerTests.swift */,
			);
			path = MessengerTests;
			sourceTree = "<group>";
		};
		06AC3D252BC96E82000AA265 /* MessengerUITests */ = {
			isa = PBXGroup;
			children = (
				06AC3D262BC96E82000AA265 /* MessengerUITests.swift */,
				06AC3D282BC96E82000AA265 /* MessengerUITestsLaunchTests.swift */,
			);
			path = MessengerUITests;
			sourceTree = "<group>";
		};
/* End PBXGroup section */

/* Begin PBXNativeTarget section */
		06AC3D012BC96E80000AA265 /* Messenger */ = {
			isa = PBXNativeTarget;
			buildConfigurationList = 06AC3D2C2BC96E82000AA265 /* Build configuration list for PBXNativeTarget "Messenger" */;
			buildPhases = (
				06AC3CFE2BC96E80000AA265 /* Sources */,
				06AC3CFF2BC96E80000AA265 /* Frameworks */,
				06AC3D002BC96E80000AA265 /* Resources */,
			);
			buildRules = (
			);
			dependencies = (
			);
			name = Messenger;
			productName = Messenger;
			productReference = 06AC3D022BC96E80000AA265 /* Messenger.app */;
			productType = "com.apple.product-type.application";
		};
		06AC3D172BC96E82000AA265 /* MessengerTests */ = {
			isa = PBXNativeTarget;
			buildConfigurationList = 06AC3D2F2BC96E82000AA265 /* Build configuration list for PBXNativeTarget "MessengerTests" */;
			buildPhases = (
				06AC3D142BC96E82000AA265 /* Sources */,
				06AC3D152BC96E82000AA265 /* Frameworks */,
				06AC3D162BC96E82000AA265 /* Resources */,
			);
			buildRules = (
			);
			dependencies = (
				06AC3D1A2BC96E82000AA265 /* PBXTargetDependency */,
			);
			name = MessengerTests;
			productName = MessengerTests;
			productReference = 06AC3D182BC96E82000AA265 /* MessengerTests.xctest */;
			productType = "com.apple.product-type.bundle.unit-test";
		};
		06AC3D212BC96E82000AA265 /* MessengerUITests */ = {
			isa = PBXNativeTarget;
			buildConfigurationList = 06AC3D322BC96E82000AA265 /* Build configuration list for PBXNativeTarget "MessengerUITests" */;
			buildPhases = (
				06AC3D1E2BC96E82000AA265 /* Sources */,
				06AC3D1F2BC96E82000AA265 /* Frameworks */,
				06AC3D202BC96E82000AA265 /* Resources */,
			);
			buildRules = (
			);
			dependencies = (
				06AC3D242BC96E82000AA265 /* PBXTargetDependency */,
			);
			name = MessengerUITests;
			productName = MessengerUITests;
			productReference = 06AC3D222BC96E82000AA265 /* MessengerUITests.xctest */;
			productType = "com.apple.product-type.bundle.ui-testing";
		};
/* End PBXNativeTarget section */

/* Begin PBXProject section */
		06AC3CFA2BC96E80000AA265 /* Project object */ = {
			isa = PBXProject;
			attributes = {
				BuildIndependentTargetsInParallel = 1;
				LastSwiftUpdateCheck = 1430;
				LastUpgradeCheck = 1430;
				TargetAttributes = {
					06AC3D012BC96E80000AA265 = {
						CreatedOnToolsVersion = 14.3.1;
					};
					06AC3D172BC96E82000AA265 = {
						CreatedOnToolsVersion = 14.3.1;
						TestTargetID = 06AC3D012BC96E80000AA265;
					};
					06AC3D212BC96E82000AA265 = {
						CreatedOnToolsVersion = 14.3.1;
						TestTargetID = 06AC3D012BC96E80000AA265;
					};
				};
			};
			buildConfigurationList = 06AC3CFD2BC96E80000AA265 /* Build configuration list for PBXProject "Messenger" */;
			compatibilityVersion = "Xcode 14.0";
			developmentRegion = en;
			hasScannedForEncodings = 0;
			knownRegions = (
				en,
				Base,
			);
			mainGroup = 06AC3CF92BC96E80000AA265;
			productRefGroup = 06AC3D032BC96E80000AA265 /* Products */;
			projectDirPath = "";
			projectRoot = "";
			targets = (
				06AC3D012BC96E80000AA265 /* Messenger */,
				06AC3D172BC96E82000AA265 /* MessengerTests */,
				06AC3D212BC96E82000AA265 /* MessengerUITests */,
			);
		};
/* End PBXProject section */

/* Begin PBXResourcesBuildPhase section */
		06AC3D002BC96E80000AA265 /* Resources */ = {
			isa = PBXResourcesBuildPhase;
			buildActionMask = 2147483647;
			files = (
				06AC3D122BC96E81000AA265 /* LaunchScreen.storyboard in Resources */,
				06AC3D0F2BC96E81000AA265 /* Assets.xcassets in Resources */,
				06AC3D0D2BC96E80000AA265 /* Main.storyboard in Resources */,
			);
			runOnlyForDeploymentPostprocessing = 0;
		};
		06AC3D162BC96E82000AA265 /* Resources */ = {
			isa = PBXResourcesBuildPhase;
			buildActionMask = 2147483647;
			files = (
			);
			runOnlyForDeploymentPostprocessing = 0;
		};
		06AC3D202BC96E82000AA265 /* Resources */ = {
			isa = PBXResourcesBuildPhase;
			buildActionMask = 2147483647;
			files = (
			);
			runOnlyForDeploymentPostprocessing = 0;
		};
/* End PBXResourcesBuildPhase section */

/* Begin PBXSourcesBuildPhase section */
		06AC3CFE2BC96E80000AA265 /* Sources */ = {
			isa = PBXSourcesBuildPhase;
			buildActionMask = 2147483647;
			files = (
				06AC3D0A2BC96E80000AA265 /* ViewController.swift in Sources */,
				06AC3D062BC96E80000AA265 /* AppDelegate.swift in Sources */,
				06AC3D082BC96E80000AA265 /* SceneDelegate.swift in Sources */,
			);
			runOnlyForDeploymentPostprocessing = 0;
		};
		06AC3D142BC96E82000AA265 /* Sources */ = {
			isa = PBXSourcesBuildPhase;
			buildActionMask = 2147483647;
			files = (
				06AC3D1D2BC96E82000AA265 /* MessengerTests.swift in Sources */,
			);
			runOnlyForDeploymentPostprocessing = 0;
		};
		06AC3D1E2BC96E82000AA265 /* Sources */ = {
			isa = PBXSourcesBuildPhase;
			buildActionMask = 2147483647;
			files = (
				06AC3D292BC96E82000AA265 /* MessengerUITestsLaunchTests.swift in Sources */,
				06AC3D272BC96E82000AA265 /* MessengerUITests.swift in Sources */,
			);
			runOnlyForDeploymentPostprocessing = 0;
		};
/* End PBXSourcesBuildPhase section */

/* Begin PBXTargetDependency section */
		06AC3D1A2BC96E82000AA265 /* PBXTargetDependency */ = {
			isa = PBXTargetDependency;
			target = 06AC3D012BC96E80000AA265 /* Messenger */;
			targetProxy = 06AC3D192BC96E82000AA265 /* PBXContainerItemProxy */;
		};
		06AC3D242BC96E82000AA265 /* PBXTargetDependency */ = {
			isa = PBXTargetDependency;
			target = 06AC3D012BC96E80000AA265 /* Messenger */;
			targetProxy = 06AC3D232BC96E82000AA265 /* PBXContainerItemProxy */;
		};
/* End PBXTargetDependency section */

/* Begin PBXVariantGroup section */
		06AC3D0B2BC96E80000AA265 /* Main.storyboard */ = {
			isa = PBXVariantGroup;
			children = (
				06AC3D0C2BC96E80000AA265 /* Base */,
			);
			name = Main.storyboard;
			sourceTree = "<group>";
		};
		06AC3D102BC96E81000AA265 /* LaunchScreen.storyboard */ = {
			isa = PBXVariantGroup;
			children = (
				06AC3D112BC96E81000AA265 /* Base */,
			);
			name = LaunchScreen.storyboard;
			sourceTree = "<group>";
		};
/* End PBXVariantGroup section */

/* Begin XCBuildConfiguration section */
		06AC3D2A2BC96E82000AA265 /* Debug */ = {
			isa = XCBuildConfiguration;
			buildSettings = {
				ALWAYS_SEARCH_USER_PATHS = NO;
				CLANG_ANALYZER_NONNULL = YES;
				CLANG_ANALYZER_NUMBER_OBJECT_CONVERSION = YES_AGGRESSIVE;
				CLANG_CXX_LANGUAGE_STANDARD = "gnu++20";
				CLANG_ENABLE_MODULES = YES;
				CLANG_ENABLE_OBJC_ARC = YES;
				CLANG_ENABLE_OBJC_WEAK = YES;
				CLANG_WARN_BLOCK_CAPTURE_AUTORELEASING = YES;
				CLANG_WARN_BOOL_CONVERSION = YES;
				CLANG_WARN_COMMA = YES;
				CLANG_WARN_CONSTANT_CONVERSION = YES;
				CLANG_WARN_DEPRECATED_OBJC_IMPLEMENTATIONS = YES;
				CLANG_WARN_DIRECT_OBJC_ISA_USAGE = YES_ERROR;
				CLANG_WARN_DOCUMENTATION_COMMENTS = YES;
				CLANG_WARN_EMPTY_BODY = YES;
				CLANG_WARN_ENUM_CONVERSION = YES;
				CLANG_WARN_INFINITE_RECURSION = YES;
				CLANG_WARN_INT_CONVERSION = YES;
				CLANG_WARN_NON_LITERAL_NULL_CONVERSION = YES;
				CLANG_WARN_OBJC_IMPLICIT_RETAIN_SELF = YES;
				CLANG_WARN_OBJC_LITERAL_CONVERSION = YES;
				CLANG_WARN_OBJC_ROOT_CLASS = YES_ERROR;
				CLANG_WARN_QUOTED_INCLUDE_IN_FRAMEWORK_HEADER = YES;
				CLANG_WARN_RANGE_LOOP_ANALYSIS = YES;
				CLANG_WARN_STRICT_PROTOTYPES = YES;
				CLANG_WARN_SUSPICIOUS_MOVE = YES;
				CLANG_WARN_UNGUARDED_AVAILABILITY = YES_AGGRESSIVE;
				CLANG_WARN_UNREACHABLE_CODE = YES;
				CLANG_WARN__DUPLICATE_METHOD_MATCH = YES;
				COPY_PHASE_STRIP = NO;
				DEBUG_INFORMATION_FORMAT = dwarf;
				ENABLE_STRICT_OBJC_MSGSEND = YES;
				ENABLE_TESTABILITY = YES;
				GCC_C_LANGUAGE_STANDARD = gnu11;
				GCC_DYNAMIC_NO_PIC = NO;
				GCC_NO_COMMON_BLOCKS = YES;
				GCC_OPTIMIZATION_LEVEL = 0;
				GCC_PREPROCESSOR_DEFINITIONS = (
					"DEBUG=1",
					"$(inherited)",
				);
				GCC_WARN_64_TO_32_BIT_CONVERSION = YES;
				GCC_WARN_ABOUT_RETURN_TYPE = YES_ERROR;
				GCC_WARN_UNDECLARED_SELECTOR = YES;
				GCC_WARN_UNINITIALIZED_AUTOS = YES_AGGRESSIVE;
				GCC_WARN_UNUSED_FUNCTION = YES;
				GCC_WARN_UNUSED_VARIABLE = YES;
				IPHONEOS_DEPLOYMENT_TARGET = 16.4;
				MTL_ENABLE_DEBUG_INFO = INCLUDE_SOURCE;
				MTL_FAST_MATH = YES;
				ONLY_ACTIVE_ARCH = YES;
				SDKROOT = iphoneos;
				SWIFT_ACTIVE_COMPILATION_CONDITIONS = DEBUG;
				SWIFT_OPTIMIZATION_LEVEL = "-Onone";
			};
			name = Debug;
		};
		06AC3D2B2BC96E82000AA265 /* Release */ = {
			isa = XCBuildConfiguration;
			buildSettings = {
				ALWAYS_SEARCH_USER_PATHS = NO;
				CLANG_ANALYZER_NONNULL = YES;
				CLANG_ANALYZER_NUMBER_OBJECT_CONVERSION = YES_AGGRESSIVE;
				CLANG_CXX_LANGUAGE_STANDARD = "gnu++20";
				CLANG_ENABLE_MODULES = YES;
				CLANG_ENABLE_OBJC_ARC = YES;
				CLANG_ENABLE_OBJC_WEAK = YES;
				CLANG_WARN_BLOCK_CAPTURE_AUTORELEASING = YES;
				CLANG_WARN_BOOL_CONVERSION = YES;
				CLANG_WARN_COMMA = YES;
				CLANG_WARN_CONSTANT_CONVERSION = YES;
				CLANG_WARN_DEPRECATED_OBJC_IMPLEMENTATIONS = YES;
				CLANG_WARN_DIRECT_OBJC_ISA_USAGE = YES_ERROR;
				CLANG_WARN_DOCUMENTATION_COMMENTS = YES;
				CLANG_WARN_EMPTY_BODY = YES;
				CLANG_WARN_ENUM_CONVERSION = YES;
				CLANG_WARN_INFINITE_RECURSION = YES;
				CLANG_WARN_INT_CONVERSION = YES;
				CLANG_WARN_NON_LITERAL_NULL_CONVERSION = YES;
				CLANG_WARN_OBJC_IMPLICIT_RETAIN_SELF = YES;
				CLANG_WARN_OBJC_LITERAL_CONVERSION = YES;
				CLANG_WARN_OBJC_ROOT_CLASS = YES_ERROR;
				CLANG_WARN_QUOTED_INCLUDE_IN_FRAMEWORK_HEADER = YES;
				CLANG_WARN_RANGE_LOOP_ANALYSIS = YES;
				CLANG_WARN_STRICT_PROTOTYPES = YES;
				CLANG_WARN_SUSPICIOUS_MOVE = YES;
				CLANG_WARN_UNGUARDED_AVAILABILITY = YES_AGGRESSIVE;
				CLANG_WARN_UNREACHABLE_CODE = YES;
				CLANG_WARN__DUPLICATE_METHOD_MATCH = YES;
				COPY_PHASE_STRIP = NO;
				DEBUG_INFORMATION_FORMAT = "dwarf-with-dsym";
				ENABLE_NS_ASSERTIONS = NO;
				ENABLE_STRICT_OBJC_MSGSEND = YES;
				GCC_C_LANGUAGE_STANDARD = gnu11;
				GCC_NO_COMMON_BLOCKS = YES;
				GCC_WARN_64_TO_32_BIT_CONVERSION = YES;
				GCC_WARN_ABOUT_RETURN_TYPE = YES_ERROR;
				GCC_WARN_UNDECLARED_SELECTOR = YES;
				GCC_WARN_UNINITIALIZED_AUTOS = YES_AGGRESSIVE;
				GCC_WARN_UNUSED_FUNCTION = YES;
				GCC_WARN_UNUSED_VARIABLE = YES;
				IPHONEOS_DEPLOYMENT_TARGET = 16.4;
				MTL_ENABLE_DEBUG_INFO = NO;
				MTL_FAST_MATH = YES;
				SDKROOT = iphoneos;
				SWIFT_COMPILATION_MODE = wholemodule;
				SWIFT_OPTIMIZATION_LEVEL = "-O";
				VALIDATE_PRODUCT = YES;
			};
			name = Release;
		};
		06AC3D2D2BC96E82000AA265 /* Debug */ = {
			isa = XCBuildConfiguration;
			buildSettings = {
				ASSETCATALOG_COMPILER_APPICON_NAME = AppIcon;
				ASSETCATALOG_COMPILER_GLOBAL_ACCENT_COLOR_NAME = AccentColor;
				CODE_SIGN_STYLE = Automatic;
				CURRENT_PROJECT_VERSION = 1;
				GENERATE_INFOPLIST_FILE = YES;
				INFOPLIST_FILE = Messenger/Info.plist;
				INFOPLIST_KEY_UIApplicationSupportsIndirectInputEvents = YES;
				INFOPLIST_KEY_UILaunchStoryboardName = LaunchScreen;
				INFOPLIST_KEY_UIMainStoryboardFile = Main;
				INFOPLIST_KEY_UISupportedInterfaceOrientations_iPad = "UIInterfaceOrientationPortrait UIInterfaceOrientationPortraitUpsideDown UIInterfaceOrientationLandscapeLeft UIInterfaceOrientationLandscapeRight";
				INFOPLIST_KEY_UISupportedInterfaceOrientations_iPhone = "UIInterfaceOrientationPortrait UIInterfaceOrientationLandscapeLeft UIInterfaceOrientationLandscapeRight";
				LD_RUNPATH_SEARCH_PATHS = (
					"$(inherited)",
					"@executable_path/Frameworks",
				);
				MARKETING_VERSION = 1.0;
				PRODUCT_BUNDLE_IDENTIFIER = messager.Messenger;
				PRODUCT_NAME = "$(TARGET_NAME)";
				SWIFT_EMIT_LOC_STRINGS = YES;
				SWIFT_VERSION = 5.0;
				TARGETED_DEVICE_FAMILY = "1,2";
			};
			name = Debug;
		};
		06AC3D2E2BC96E82000AA265 /* Release */ = {
			isa = XCBuildConfiguration;
			buildSettings = {
				ASSETCATALOG_COMPILER_APPICON_NAME = AppIcon;
				ASSETCATALOG_COMPILER_GLOBAL_ACCENT_COLOR_NAME = AccentColor;
				CODE_SIGN_STYLE = Automatic;
				CURRENT_PROJECT_VERSION = 1;
				GENERATE_INFOPLIST_FILE = YES;
				INFOPLIST_FILE = Messenger/Info.plist;
				INFOPLIST_KEY_UIApplicationSupportsIndirectInputEvents = YES;
				INFOPLIST_KEY_UILaunchStoryboardName = LaunchScreen;
				INFOPLIST_KEY_UIMainStoryboardFile = Main;
				INFOPLIST_KEY_UISupportedInterfaceOrientations_iPad = "UIInterfaceOrientationPortrait UIInterfaceOrientationPortraitUpsideDown UIInterfaceOrientationLandscapeLeft UIInterfaceOrientationLandscapeRight";
				INFOPLIST_KEY_UISupportedInterfaceOrientations_iPhone = "UIInterfaceOrientationPortrait UIInterfaceOrientationLandscapeLeft UIInterfaceOrientationLandscapeRight";
				LD_RUNPATH_SEARCH_PATHS = (
					"$(inherited)",
					"@executable_path/Frameworks",
				);
				MARKETING_VERSION = 1.0;
				PRODUCT_BUNDLE_IDENTIFIER = messager.Messenger;
				PRODUCT_NAME = "$(TARGET_NAME)";
				SWIFT_EMIT_LOC_STRINGS = YES;
				SWIFT_VERSION = 5.0;
				TARGETED_DEVICE_FAMILY = "1,2";
			};
			name = Release;
		};
		06AC3D302BC96E82000AA265 /* Debug */ = {
			isa = XCBuildConfiguration;
			buildSettings = {
				ALWAYS_EMBED_SWIFT_STANDARD_LIBRARIES = YES;
				BUNDLE_LOADER = "$(TEST_HOST)";
				CODE_SIGN_STYLE = Automatic;
				CURRENT_PROJECT_VERSION = 1;
				GENERATE_INFOPLIST_FILE = YES;
				IPHONEOS_DEPLOYMENT_TARGET = 16.4;
				MARKETING_VERSION = 1.0;
				PRODUCT_BUNDLE_IDENTIFIER = messager.MessengerTests;
				PRODUCT_NAME = "$(TARGET_NAME)";
				SWIFT_EMIT_LOC_STRINGS = NO;
				SWIFT_VERSION = 5.0;
				TARGETED_DEVICE_FAMILY = "1,2";
				TEST_HOST = "$(BUILT_PRODUCTS_DIR)/Messenger.app/$(BUNDLE_EXECUTABLE_FOLDER_PATH)/Messenger";
			};
			name = Debug;
		};
		06AC3D312BC96E82000AA265 /* Release */ = {
			isa = XCBuildConfiguration;
			buildSettings = {
				ALWAYS_EMBED_SWIFT_STANDARD_LIBRARIES = YES;
				BUNDLE_LOADER = "$(TEST_HOST)";
				CODE_SIGN_STYLE = Automatic;
				CURRENT_PROJECT_VERSION = 1;
				GENERATE_INFOPLIST_FILE = YES;
				IPHONEOS_DEPLOYMENT_TARGET = 16.4;
				MARKETING_VERSION = 1.0;
				PRODUCT_BUNDLE_IDENTIFIER = messager.MessengerTests;
				PRODUCT_NAME = "$(TARGET_NAME)";
				SWIFT_EMIT_LOC_STRINGS = NO;
				SWIFT_VERSION = 5.0;
				TARGETED_DEVICE_FAMILY = "1,2";
				TEST_HOST = "$(BUILT_PRODUCTS_DIR)/Messenger.app/$(BUNDLE_EXECUTABLE_FOLDER_PATH)/Messenger";
			};
			name = Release;
		};
		06AC3D332BC96E82000AA265 /* Debug */ = {
			isa = XCBuildConfiguration;
			buildSettings = {
				ALWAYS_EMBED_SWIFT_STANDARD_LIBRARIES = YES;
				CODE_SIGN_STYLE = Automatic;
				CURRENT_PROJECT_VERSION = 1;
				GENERATE_INFOPLIST_FILE = YES;
				MARKETING_VERSION = 1.0;
				PRODUCT_BUNDLE_IDENTIFIER = messager.MessengerUITests;
				PRODUCT_NAME = "$(TARGET_NAME)";
				SWIFT_EMIT_LOC_STRINGS = NO;
				SWIFT_VERSION = 5.0;
				TARGETED_DEVICE_FAMILY = "1,2";
				TEST_TARGET_NAME = Messenger;
			};
			name = Debug;
		};
		06AC3D342BC96E82000AA265 /* Release */ = {
			isa = XCBuildConfiguration;
			buildSettings = {
				ALWAYS_EMBED_SWIFT_STANDARD_LIBRARIES = YES;
				CODE_SIGN_STYLE = Automatic;
				CURRENT_PROJECT_VERSION = 1;
				GENERATE_INFOPLIST_FILE = YES;
				MARKETING_VERSION = 1.0;
				PRODUCT_BUNDLE_IDENTIFIER = messager.MessengerUITests;
				PRODUCT_NAME = "$(TARGET_NAME)";
				SWIFT_EMIT_LOC_STRINGS = NO;
				SWIFT_VERSION = 5.0;
				TARGETED_DEVICE_FAMILY = "1,2";
				TEST_TARGET_NAME = Messenger;
			};
			name = Release;
		};
/* End XCBuildConfiguration section */

/* Begin XCConfigurationList section */
		06AC3CFD2BC96E80000AA265 /* Build configuration list for PBXProject "Messenger" */ = {
			isa = XCConfigurationList;
			buildConfigurations = (
				06AC3D2A2BC96E82000AA265 /* Debug */,
				06AC3D2B2BC96E82000AA265 /* Release */,
			);
			defaultConfigurationIsVisible = 0;
			defaultConfigurationName = Release;
		};
		06AC3D2C2BC96E82000AA265 /* Build configuration list for PBXNativeTarget "Messenger" */ = {
			isa = XCConfigurationList;
			buildConfigurations = (
				06AC3D2D2BC96E82000AA265 /* Debug */,
				06AC3D2E2BC96E82000AA265 /* Release */,
			);
			defaultConfigurationIsVisible = 0;
			defaultConfigurationName = Release;
		};
		06AC3D2F2BC96E82000AA265 /* Build configuration list for PBXNativeTarget "MessengerTests" */ = {
			isa = XCConfigurationList;
			buildConfigurations = (
				06AC3D302BC96E82000AA265 /* Debug */,
				06AC3D312BC96E82000AA265 /* Release */,
			);
			defaultConfigurationIsVisible = 0;
			defaultConfigurationName = Release;
		};
		06AC3D322BC96E82000AA265 /* Build configuration list for PBXNativeTarget "MessengerUITests" */ = {
			isa = XCConfigurationList;
			buildConfigurations = (
				06AC3D332BC96E82000AA265 /* Debug */,
				06AC3D342BC96E82000AA265 /* Release */,
			);
			defaultConfigurationIsVisible = 0;
			defaultConfigurationName = Release;
		};
/* End XCConfigurationList section */
	};
	rootObject = 06AC3CFA2BC96E80000AA265 /* Project object */;
}
